
Microsoft Visual Studio Solution File, Format Version 12.00
# Visual Studio Version 17
VisualStudioVersion = 17.8.34004.107
MinimumVisualStudioVersion = 10.0.40219.1
Project("{FAE04EC0-301F-11D3-BF4B-00C04F79EFBC}") = "TradingCo_8", "TradingCo_8\TradingCo_8.csproj", "{9F3F4E02-E5D7-47A1-B32E-075669B7B710}"
EndProject
Global
	GlobalSection(SolutionConfigurationPlatforms) = preSolution
		Debug|Any CPU = Debug|Any CPU
		Release|Any CPU = Release|Any CPU
	EndGlobalSection
	GlobalSection(ProjectConfigurationPlatforms) = postSolution
		{9F3F4E02-E5D7-47A1-B32E-075669B7B710}.Debug|Any CPU.ActiveCfg = Debug|Any CPU
		{9F3F4E02-E5D7-47A1-B32E-075669B7B710}.Debug|Any CPU.Build.0 = Debug|Any CPU
		{9F3F4E02-E5D7-47A1-B32E-075669B7B710}.Debug|Any CPU.Deploy.0 = Debug|Any CPU
		{9F3F4E02-E5D7-47A1-B32E-075669B7B710}.Release|Any CPU.ActiveCfg = Release|Any CPU
		{9F3F4E02-E5D7-47A1-B32E-075669B7B710}.Release|Any CPU.Build.0 = Release|Any CPU
		{9F3F4E02-E5D7-47A1-B32E-075669B7B710}.Release|Any CPU.Deploy.0 = Release|Any CPU
	EndGlobalSection
	GlobalSection(SolutionProperties) = preSolution
		HideSolutionNode = FALSE
	EndGlobalSection
	GlobalSection(ExtensibilityGlobals) = postSolution
		SolutionGuid = {F3049969-4B4B-49C4-BA9D-C6DDEC3CB500}
	EndGlobalSection
EndGlobal
